{
  "name": "string-reverse-string-1",
  "version": "1.0.0",
  "lockfileVersion": 1,
  "requires": true,
  "dependencies": {
    "string-reverse-string": {
      "version": "1.0.0",
      "resolved": "https://registry.npmjs.org/string-reverse-string/-/string-reverse-string-1.0.0.tgz",
      "integrity": "sha512-tx3zWSco7FUjmhxbutuEkxrjmy7nEg+I2iWgJgfgwZL5jg1BYyT7F762qp4zGr+A5IpnaM6D1LatYZTfPC6pnw=="
    }
  }
}
